dependencies:
  espressif/esp-dsp:
    component_hash: ed9ac175b14e0414399a2b33c525579414b5bad19a2a67b12ea212def96f9a98
    source:
      service_url: https://api.components.espressif.com/
      type: service
    version: 1.8.2
  idf:
    component_hash: null
    source:
      type: idf
    version: 5.3.1
manifest_hash: cdc182871ae32bd5d1f76064f602c480fc5bbb67db79b6b2e25c2f386fcd0f36
target: esp32
version: 1.0.0
